
Microsoft Visual Studio Solution File, Format Version 12.00
# Visual Studio Version 17
VisualStudioVersion = 17.0.31903.59
MinimumVisualStudioVersion = 10.0.40219.1
Project("{FAE04EC0-301F-11D3-BF4B-00C04F79EFBC}") = "Railway.Api", "Railway.Api\Railway.Api.csproj", "{8A58B33D-F79E-41E4-9900-91377CDA23A9}"
EndProject
Project("{2150E333-8FDC-42A3-9474-1A3956D46DE8}") = "src", "src", "{C6D19A0B-A0B9-4456-A210-4F1E42490FC0}"
EndProject
Project("{FAE04EC0-301F-11D3-BF4B-00C04F79EFBC}") = "Railway.Contracts", "src\Railway.Contracts\Railway.Contracts.csproj", "{C2FF08F8-C9BF-4857-857E-1BE534703D57}"
EndProject
Project("{FAE04EC0-301F-11D3-BF4B-00C04F79EFBC}") = "Railway.Persistence", "src\Railway.Persistence\Railway.Persistence.csproj", "{30142501-FE36-449C-A83A-F9D2E95157BD}"
EndProject
Project("{FAE04EC0-301F-11D3-BF4B-00C04F79EFBC}") = "Railway.Application", "src\Railway.Application\Railway.Application.csproj", "{D1CACD2C-BB05-4E3A-A15C-9525982903F8}"
EndProject
Project("{FAE04EC0-301F-11D3-BF4B-00C04F79EFBC}") = "Railway.Messaging", "src\Railway.Messaging\Railway.Messaging.csproj", "{F768B45D-7794-4426-9658-5145D52BE1AA}"
EndProject
Project("{2150E333-8FDC-42A3-9474-1A3956D46DE8}") = "services", "services", "{ACA60E41-A430-4DD8-A759-60D0A17F1EE9}"
EndProject
Project("{FAE04EC0-301F-11D3-BF4B-00C04F79EFBC}") = "Railway.Payment", "src\services\Railway.Payment\Railway.Payment.csproj", "{DDFEFBDC-743A-4715-BA0E-14A4AFB90776}"
EndProject
Project("{FAE04EC0-301F-11D3-BF4B-00C04F79EFBC}") = "Railway.Notification", "src\services\Railway.Notification\Railway.Notification.csproj", "{5CF548DF-81AF-46CA-9AF9-12DE3D4EB522}"
EndProject
Project("{FAE04EC0-301F-11D3-BF4B-00C04F79EFBC}") = "Railway.Gateway", "src\services\Railway.Gateway\Railway.Gateway.csproj", "{4EFADDDE-CA8C-40BB-A168-D1453BE4B044}"
EndProject
Project("{FAE04EC0-301F-11D3-BF4B-00C04F79EFBC}") = "Railway.Booking", "src\services\Railway.Booking\Railway.Booking.csproj", "{EFB3CC87-73C5-4179-A131-905248E63716}"
EndProject
Project("{FAE04EC0-301F-11D3-BF4B-00C04F79EFBC}") = "Railway.Identity", "src\services\Railway.Identity\Railway.Identity.csproj", "{C0923155-A25B-4DD1-8772-FEB103CF8146}"
EndProject
Project("{FAE04EC0-301F-11D3-BF4B-00C04F79EFBC}") = "Railway.Events", "src\services\Railway.Events\Railway.Events.csproj", "{66D133CD-F247-4A7F-850B-0D6F1EBDBB14}"
EndProject
Project("{FAE04EC0-301F-11D3-BF4B-00C04F79EFBC}") = "Railway.Inventory", "src\services\Railway.Inventory\Railway.Inventory.csproj", "{AEC8AF8C-8C8B-453B-8D5A-8918F51690F0}"
EndProject
Project("{FAE04EC0-301F-11D3-BF4B-00C04F79EFBC}") = "Railway.Reporting", "src\services\Railway.Reporting\Railway.Reporting.csproj", "{BB713529-4500-4577-8CE7-023D318265A8}"
EndProject
Project("{FAE04EC0-301F-11D3-BF4B-00C04F79EFBC}") = "Railway.Catalog", "src\services\Railway.Catalog\Railway.Catalog.csproj", "{4041808D-9D3F-481F-ABBF-60309B436634}"
EndProject
Global
	GlobalSection(SolutionConfigurationPlatforms) = preSolution
		Debug|Any CPU = Debug|Any CPU
		Release|Any CPU = Release|Any CPU
	EndGlobalSection
	GlobalSection(SolutionProperties) = preSolution
		HideSolutionNode = FALSE
	EndGlobalSection
	GlobalSection(ProjectConfigurationPlatforms) = postSolution
		{8A58B33D-F79E-41E4-9900-91377CDA23A9}.Debug|Any CPU.ActiveCfg = Debug|Any CPU
		{8A58B33D-F79E-41E4-9900-91377CDA23A9}.Debug|Any CPU.Build.0 = Debug|Any CPU
		{8A58B33D-F79E-41E4-9900-91377CDA23A9}.Release|Any CPU.ActiveCfg = Release|Any CPU
		{8A58B33D-F79E-41E4-9900-91377CDA23A9}.Release|Any CPU.Build.0 = Release|Any CPU
		{C2FF08F8-C9BF-4857-857E-1BE534703D57}.Debug|Any CPU.ActiveCfg = Debug|Any CPU
		{C2FF08F8-C9BF-4857-857E-1BE534703D57}.Debug|Any CPU.Build.0 = Debug|Any CPU
		{C2FF08F8-C9BF-4857-857E-1BE534703D57}.Release|Any CPU.ActiveCfg = Release|Any CPU
		{C2FF08F8-C9BF-4857-857E-1BE534703D57}.Release|Any CPU.Build.0 = Release|Any CPU
		{30142501-FE36-449C-A83A-F9D2E95157BD}.Debug|Any CPU.ActiveCfg = Debug|Any CPU
		{30142501-FE36-449C-A83A-F9D2E95157BD}.Debug|Any CPU.Build.0 = Debug|Any CPU
		{30142501-FE36-449C-A83A-F9D2E95157BD}.Release|Any CPU.ActiveCfg = Release|Any CPU
		{30142501-FE36-449C-A83A-F9D2E95157BD}.Release|Any CPU.Build.0 = Release|Any CPU
		{D1CACD2C-BB05-4E3A-A15C-9525982903F8}.Debug|Any CPU.ActiveCfg = Debug|Any CPU
		{D1CACD2C-BB05-4E3A-A15C-9525982903F8}.Debug|Any CPU.Build.0 = Debug|Any CPU
		{D1CACD2C-BB05-4E3A-A15C-9525982903F8}.Release|Any CPU.ActiveCfg = Release|Any CPU
		{D1CACD2C-BB05-4E3A-A15C-9525982903F8}.Release|Any CPU.Build.0 = Release|Any CPU
		{F768B45D-7794-4426-9658-5145D52BE1AA}.Debug|Any CPU.ActiveCfg = Debug|Any CPU
		{F768B45D-7794-4426-9658-5145D52BE1AA}.Debug|Any CPU.Build.0 = Debug|Any CPU
		{F768B45D-7794-4426-9658-5145D52BE1AA}.Release|Any CPU.ActiveCfg = Release|Any CPU
		{F768B45D-7794-4426-9658-5145D52BE1AA}.Release|Any CPU.Build.0 = Release|Any CPU
		{DDFEFBDC-743A-4715-BA0E-14A4AFB90776}.Debug|Any CPU.ActiveCfg = Debug|Any CPU
		{DDFEFBDC-743A-4715-BA0E-14A4AFB90776}.Debug|Any CPU.Build.0 = Debug|Any CPU
		{DDFEFBDC-743A-4715-BA0E-14A4AFB90776}.Release|Any CPU.ActiveCfg = Release|Any CPU
		{DDFEFBDC-743A-4715-BA0E-14A4AFB90776}.Release|Any CPU.Build.0 = Release|Any CPU
		{5CF548DF-81AF-46CA-9AF9-12DE3D4EB522}.Debug|Any CPU.ActiveCfg = Debug|Any CPU
		{5CF548DF-81AF-46CA-9AF9-12DE3D4EB522}.Debug|Any CPU.Build.0 = Debug|Any CPU
		{5CF548DF-81AF-46CA-9AF9-12DE3D4EB522}.Release|Any CPU.ActiveCfg = Release|Any CPU
		{5CF548DF-81AF-46CA-9AF9-12DE3D4EB522}.Release|Any CPU.Build.0 = Release|Any CPU
		{4EFADDDE-CA8C-40BB-A168-D1453BE4B044}.Debug|Any CPU.ActiveCfg = Debug|Any CPU
		{4EFADDDE-CA8C-40BB-A168-D1453BE4B044}.Debug|Any CPU.Build.0 = Debug|Any CPU
		{4EFADDDE-CA8C-40BB-A168-D1453BE4B044}.Release|Any CPU.ActiveCfg = Release|Any CPU
		{4EFADDDE-CA8C-40BB-A168-D1453BE4B044}.Release|Any CPU.Build.0 = Release|Any CPU
		{EFB3CC87-73C5-4179-A131-905248E63716}.Debug|Any CPU.ActiveCfg = Debug|Any CPU
		{EFB3CC87-73C5-4179-A131-905248E63716}.Debug|Any CPU.Build.0 = Debug|Any CPU
		{EFB3CC87-73C5-4179-A131-905248E63716}.Release|Any CPU.ActiveCfg = Release|Any CPU
		{EFB3CC87-73C5-4179-A131-905248E63716}.Release|Any CPU.Build.0 = Release|Any CPU
		{C0923155-A25B-4DD1-8772-FEB103CF8146}.Debug|Any CPU.ActiveCfg = Debug|Any CPU
		{C0923155-A25B-4DD1-8772-FEB103CF8146}.Debug|Any CPU.Build.0 = Debug|Any CPU
		{C0923155-A25B-4DD1-8772-FEB103CF8146}.Release|Any CPU.ActiveCfg = Release|Any CPU
		{C0923155-A25B-4DD1-8772-FEB103CF8146}.Release|Any CPU.Build.0 = Release|Any CPU
		{66D133CD-F247-4A7F-850B-0D6F1EBDBB14}.Debug|Any CPU.ActiveCfg = Debug|Any CPU
		{66D133CD-F247-4A7F-850B-0D6F1EBDBB14}.Debug|Any CPU.Build.0 = Debug|Any CPU
		{66D133CD-F247-4A7F-850B-0D6F1EBDBB14}.Release|Any CPU.ActiveCfg = Release|Any CPU
		{66D133CD-F247-4A7F-850B-0D6F1EBDBB14}.Release|Any CPU.Build.0 = Release|Any CPU
		{AEC8AF8C-8C8B-453B-8D5A-8918F51690F0}.Debug|Any CPU.ActiveCfg = Debug|Any CPU
		{AEC8AF8C-8C8B-453B-8D5A-8918F51690F0}.Debug|Any CPU.Build.0 = Debug|Any CPU
		{AEC8AF8C-8C8B-453B-8D5A-8918F51690F0}.Release|Any CPU.ActiveCfg = Release|Any CPU
		{AEC8AF8C-8C8B-453B-8D5A-8918F51690F0}.Release|Any CPU.Build.0 = Release|Any CPU
		{BB713529-4500-4577-8CE7-023D318265A8}.Debug|Any CPU.ActiveCfg = Debug|Any CPU
		{BB713529-4500-4577-8CE7-023D318265A8}.Debug|Any CPU.Build.0 = Debug|Any CPU
		{BB713529-4500-4577-8CE7-023D318265A8}.Release|Any CPU.ActiveCfg = Release|Any CPU
		{BB713529-4500-4577-8CE7-023D318265A8}.Release|Any CPU.Build.0 = Release|Any CPU
		{4041808D-9D3F-481F-ABBF-60309B436634}.Debug|Any CPU.ActiveCfg = Debug|Any CPU
		{4041808D-9D3F-481F-ABBF-60309B436634}.Debug|Any CPU.Build.0 = Debug|Any CPU
		{4041808D-9D3F-481F-ABBF-60309B436634}.Release|Any CPU.ActiveCfg = Release|Any CPU
		{4041808D-9D3F-481F-ABBF-60309B436634}.Release|Any CPU.Build.0 = Release|Any CPU
	EndGlobalSection
	GlobalSection(NestedProjects) = preSolution
		{C2FF08F8-C9BF-4857-857E-1BE534703D57} = {C6D19A0B-A0B9-4456-A210-4F1E42490FC0}
		{30142501-FE36-449C-A83A-F9D2E95157BD} = {C6D19A0B-A0B9-4456-A210-4F1E42490FC0}
		{D1CACD2C-BB05-4E3A-A15C-9525982903F8} = {C6D19A0B-A0B9-4456-A210-4F1E42490FC0}
		{F768B45D-7794-4426-9658-5145D52BE1AA} = {C6D19A0B-A0B9-4456-A210-4F1E42490FC0}
		{ACA60E41-A430-4DD8-A759-60D0A17F1EE9} = {C6D19A0B-A0B9-4456-A210-4F1E42490FC0}
		{DDFEFBDC-743A-4715-BA0E-14A4AFB90776} = {ACA60E41-A430-4DD8-A759-60D0A17F1EE9}
		{5CF548DF-81AF-46CA-9AF9-12DE3D4EB522} = {ACA60E41-A430-4DD8-A759-60D0A17F1EE9}
		{4EFADDDE-CA8C-40BB-A168-D1453BE4B044} = {ACA60E41-A430-4DD8-A759-60D0A17F1EE9}
		{EFB3CC87-73C5-4179-A131-905248E63716} = {ACA60E41-A430-4DD8-A759-60D0A17F1EE9}
		{C0923155-A25B-4DD1-8772-FEB103CF8146} = {ACA60E41-A430-4DD8-A759-60D0A17F1EE9}
		{66D133CD-F247-4A7F-850B-0D6F1EBDBB14} = {ACA60E41-A430-4DD8-A759-60D0A17F1EE9}
		{AEC8AF8C-8C8B-453B-8D5A-8918F51690F0} = {ACA60E41-A430-4DD8-A759-60D0A17F1EE9}
		{BB713529-4500-4577-8CE7-023D318265A8} = {ACA60E41-A430-4DD8-A759-60D0A17F1EE9}
		{4041808D-9D3F-481F-ABBF-60309B436634} = {ACA60E41-A430-4DD8-A759-60D0A17F1EE9}
	EndGlobalSection
EndGlobal
